
Microsoft Visual Studio Solution File, Format Version 12.00
# Visual Studio Version 17
VisualStudioVersion = 17.9.34701.34
MinimumVisualStudioVersion = 10.0.40219.1
Project("{2150E333-8FDC-42A3-9474-1A3956D46DE8}") = "Services", "Services", "{E7F61F6A-51B9-45D6-9299-28CD597B4194}"
EndProject
Project("{2150E333-8FDC-42A3-9474-1A3956D46DE8}") = "Catalog", "Catalog", "{D510ECB4-EB64-4A71-AFD9-3198C12B0899}"
EndProject
Project("{9A19103F-16F7-4668-BE54-9A1E7A4F7556}") = "Catalog.API", "Services\Catalog\Catalog.API\Catalog.API.csproj", "{1C8C170B-CF03-4CC4-8B86-63972BCCF20F}"
EndProject
Project("{2150E333-8FDC-42A3-9474-1A3956D46DE8}") = "BuildingBlocks", "BuildingBlocks", "{1587D620-E413-4CD5-8A21-8E278A3E4FC8}"
EndProject
Project("{9A19103F-16F7-4668-BE54-9A1E7A4F7556}") = "BuildingBlocks", "BuildingBlocks\BuildingBlocks\BuildingBlocks.csproj", "{26E12458-1DA1-4130-94B0-9C2236791698}"
EndProject
Project("{E53339B2-1760-4266-BCC7-CA923CBCF16C}") = "docker-compose", "docker-compose.dcproj", "{75A9487E-519E-4524-AD76-3BCC6F0A9C33}"
EndProject
Project("{2150E333-8FDC-42A3-9474-1A3956D46DE8}") = "Basket", "Basket", "{50C3AFB4-4E32-498E-833F-712B09466275}"
EndProject
Project("{9A19103F-16F7-4668-BE54-9A1E7A4F7556}") = "Basket.API", "Services\Basket\Basket.API\Basket.API.csproj", "{30B5454F-B0C2-46F8-B8BA-AC18D2732232}"
EndProject
Project("{2150E333-8FDC-42A3-9474-1A3956D46DE8}") = "Discount", "Discount", "{7D6EF873-A6C2-423F-B5D5-68F03A70BDEC}"
EndProject
Project("{9A19103F-16F7-4668-BE54-9A1E7A4F7556}") = "Discount.Grpc", "Services\Dicount\Discount.Grpc\Discount.Grpc.csproj", "{17172E0B-0337-4EAB-87D0-A519808DA769}"
EndProject
Project("{2150E333-8FDC-42A3-9474-1A3956D46DE8}") = "Ordering", "Ordering", "{F34163EB-B5DA-423E-B46A-6EAFBDE57CFD}"
EndProject
Project("{9A19103F-16F7-4668-BE54-9A1E7A4F7556}") = "Ordering.Api", "Services\Ordering\Ordering.Api\Ordering.Api.csproj", "{DB5C9A7D-D4C2-4EBE-BC0A-A97194307D75}"
EndProject
Project("{9A19103F-16F7-4668-BE54-9A1E7A4F7556}") = "Ordering.Domain", "Services\Ordering\Ordering.Domain\Ordering.Domain.csproj", "{B88AB76D-2953-4038-880C-82349D3AEBE1}"
EndProject
Project("{9A19103F-16F7-4668-BE54-9A1E7A4F7556}") = "Ordering.Application", "Services\Ordering\Ordering.Application\Ordering.Application.csproj", "{DDA3635B-E82D-45D2-923A-84E17E37D230}"
EndProject
Project("{9A19103F-16F7-4668-BE54-9A1E7A4F7556}") = "Ordering.Infrastructure", "Services\Ordering\Ordering.Infrastructure\Ordering.Infrastructure.csproj", "{D3608330-6EB1-43DA-9C3A-BB78884FA307}"
EndProject
Project("{FAE04EC0-301F-11D3-BF4B-00C04F79EFBC}") = "BuildingBlocks.Messaging", "BuildingBlocks\BuildingBlocks.Messaging\BuildingBlocks.Messaging.csproj", "{2EBD546C-CED3-4E39-B450-060716A43568}"
EndProject
Global
	GlobalSection(SolutionConfigurationPlatforms) = preSolution
		Debug|Any CPU = Debug|Any CPU
		Release|Any CPU = Release|Any CPU
	EndGlobalSection
	GlobalSection(ProjectConfigurationPlatforms) = postSolution
		{1C8C170B-CF03-4CC4-8B86-63972BCCF20F}.Debug|Any CPU.ActiveCfg = Debug|Any CPU
		{1C8C170B-CF03-4CC4-8B86-63972BCCF20F}.Debug|Any CPU.Build.0 = Debug|Any CPU
		{1C8C170B-CF03-4CC4-8B86-63972BCCF20F}.Release|Any CPU.ActiveCfg = Release|Any CPU
		{1C8C170B-CF03-4CC4-8B86-63972BCCF20F}.Release|Any CPU.Build.0 = Release|Any CPU
		{26E12458-1DA1-4130-94B0-9C2236791698}.Debug|Any CPU.ActiveCfg = Debug|Any CPU
		{26E12458-1DA1-4130-94B0-9C2236791698}.Debug|Any CPU.Build.0 = Debug|Any CPU
		{26E12458-1DA1-4130-94B0-9C2236791698}.Release|Any CPU.ActiveCfg = Release|Any CPU
		{26E12458-1DA1-4130-94B0-9C2236791698}.Release|Any CPU.Build.0 = Release|Any CPU
		{75A9487E-519E-4524-AD76-3BCC6F0A9C33}.Debug|Any CPU.ActiveCfg = Debug|Any CPU
		{75A9487E-519E-4524-AD76-3BCC6F0A9C33}.Debug|Any CPU.Build.0 = Debug|Any CPU
		{75A9487E-519E-4524-AD76-3BCC6F0A9C33}.Release|Any CPU.ActiveCfg = Release|Any CPU
		{75A9487E-519E-4524-AD76-3BCC6F0A9C33}.Release|Any CPU.Build.0 = Release|Any CPU
		{30B5454F-B0C2-46F8-B8BA-AC18D2732232}.Debug|Any CPU.ActiveCfg = Debug|Any CPU
		{30B5454F-B0C2-46F8-B8BA-AC18D2732232}.Debug|Any CPU.Build.0 = Debug|Any CPU
		{30B5454F-B0C2-46F8-B8BA-AC18D2732232}.Release|Any CPU.ActiveCfg = Release|Any CPU
		{30B5454F-B0C2-46F8-B8BA-AC18D2732232}.Release|Any CPU.Build.0 = Release|Any CPU
		{17172E0B-0337-4EAB-87D0-A519808DA769}.Debug|Any CPU.ActiveCfg = Debug|Any CPU
		{17172E0B-0337-4EAB-87D0-A519808DA769}.Debug|Any CPU.Build.0 = Debug|Any CPU
		{17172E0B-0337-4EAB-87D0-A519808DA769}.Release|Any CPU.ActiveCfg = Release|Any CPU
		{17172E0B-0337-4EAB-87D0-A519808DA769}.Release|Any CPU.Build.0 = Release|Any CPU
		{DB5C9A7D-D4C2-4EBE-BC0A-A97194307D75}.Debug|Any CPU.ActiveCfg = Debug|Any CPU
		{DB5C9A7D-D4C2-4EBE-BC0A-A97194307D75}.Debug|Any CPU.Build.0 = Debug|Any CPU
		{DB5C9A7D-D4C2-4EBE-BC0A-A97194307D75}.Release|Any CPU.ActiveCfg = Release|Any CPU
		{DB5C9A7D-D4C2-4EBE-BC0A-A97194307D75}.Release|Any CPU.Build.0 = Release|Any CPU
		{B88AB76D-2953-4038-880C-82349D3AEBE1}.Debug|Any CPU.ActiveCfg = Debug|Any CPU
		{B88AB76D-2953-4038-880C-82349D3AEBE1}.Debug|Any CPU.Build.0 = Debug|Any CPU
		{B88AB76D-2953-4038-880C-82349D3AEBE1}.Release|Any CPU.ActiveCfg = Release|Any CPU
		{B88AB76D-2953-4038-880C-82349D3AEBE1}.Release|Any CPU.Build.0 = Release|Any CPU
		{DDA3635B-E82D-45D2-923A-84E17E37D230}.Debug|Any CPU.ActiveCfg = Debug|Any CPU
		{DDA3635B-E82D-45D2-923A-84E17E37D230}.Debug|Any CPU.Build.0 = Debug|Any CPU
		{DDA3635B-E82D-45D2-923A-84E17E37D230}.Release|Any CPU.ActiveCfg = Release|Any CPU
		{DDA3635B-E82D-45D2-923A-84E17E37D230}.Release|Any CPU.Build.0 = Release|Any CPU
		{D3608330-6EB1-43DA-9C3A-BB78884FA307}.Debug|Any CPU.ActiveCfg = Debug|Any CPU
		{D3608330-6EB1-43DA-9C3A-BB78884FA307}.Debug|Any CPU.Build.0 = Debug|Any CPU
		{D3608330-6EB1-43DA-9C3A-BB78884FA307}.Release|Any CPU.ActiveCfg = Release|Any CPU
		{D3608330-6EB1-43DA-9C3A-BB78884FA307}.Release|Any CPU.Build.0 = Release|Any CPU
		{2EBD546C-CED3-4E39-B450-060716A43568}.Debug|Any CPU.ActiveCfg = Debug|Any CPU
		{2EBD546C-CED3-4E39-B450-060716A43568}.Debug|Any CPU.Build.0 = Debug|Any CPU
		{2EBD546C-CED3-4E39-B450-060716A43568}.Release|Any CPU.ActiveCfg = Release|Any CPU
		{2EBD546C-CED3-4E39-B450-060716A43568}.Release|Any CPU.Build.0 = Release|Any CPU
	EndGlobalSection
	GlobalSection(SolutionProperties) = preSolution
		HideSolutionNode = FALSE
	EndGlobalSection
	GlobalSection(NestedProjects) = preSolution
		{D510ECB4-EB64-4A71-AFD9-3198C12B0899} = {E7F61F6A-51B9-45D6-9299-28CD597B4194}
		{1C8C170B-CF03-4CC4-8B86-63972BCCF20F} = {D510ECB4-EB64-4A71-AFD9-3198C12B0899}
		{26E12458-1DA1-4130-94B0-9C2236791698} = {1587D620-E413-4CD5-8A21-8E278A3E4FC8}
		{50C3AFB4-4E32-498E-833F-712B09466275} = {E7F61F6A-51B9-45D6-9299-28CD597B4194}
		{30B5454F-B0C2-46F8-B8BA-AC18D2732232} = {50C3AFB4-4E32-498E-833F-712B09466275}
		{7D6EF873-A6C2-423F-B5D5-68F03A70BDEC} = {E7F61F6A-51B9-45D6-9299-28CD597B4194}
		{17172E0B-0337-4EAB-87D0-A519808DA769} = {7D6EF873-A6C2-423F-B5D5-68F03A70BDEC}
		{F34163EB-B5DA-423E-B46A-6EAFBDE57CFD} = {E7F61F6A-51B9-45D6-9299-28CD597B4194}
		{DB5C9A7D-D4C2-4EBE-BC0A-A97194307D75} = {F34163EB-B5DA-423E-B46A-6EAFBDE57CFD}
		{B88AB76D-2953-4038-880C-82349D3AEBE1} = {F34163EB-B5DA-423E-B46A-6EAFBDE57CFD}
		{DDA3635B-E82D-45D2-923A-84E17E37D230} = {F34163EB-B5DA-423E-B46A-6EAFBDE57CFD}
		{D3608330-6EB1-43DA-9C3A-BB78884FA307} = {F34163EB-B5DA-423E-B46A-6EAFBDE57CFD}
		{2EBD546C-CED3-4E39-B450-060716A43568} = {1587D620-E413-4CD5-8A21-8E278A3E4FC8}
	EndGlobalSection
	GlobalSection(ExtensibilityGlobals) = postSolution
		SolutionGuid = {FD948A53-13D1-4AD4-A0BD-99A2295A5005}
	EndGlobalSection
EndGlobal
